// !$*UTF8*$!
{
	archiveVersion = 1;
	classes = {
	};
	objectVersion = 55;
	objects = {

/* Begin PBXBuildFile section */
		6C9595432848B8C40012D8A6 /* CategoryModel.swift in Sources */ = {isa = PBXBuildFile; fileRef = 6C9595422848B8C40012D8A6 /* CategoryModel.swift */; };
		6C9595452848B9280012D8A6 /* CategoryButton.swift in Sources */ = {isa = PBXBuildFile; fileRef = 6C9595442848B9280012D8A6 /* CategoryButton.swift */; };
		6C9595472848B98B0012D8A6 /* Item.swift in Sources */ = {isa = PBXBuildFile; fileRef = 6C9595462848B98B0012D8A6 /* Item.swift */; };
		6C9595492848B9E90012D8A6 /* ButtonTap.swift in Sources */ = {isa = PBXBuildFile; fileRef = 6C9595482848B9E90012D8A6 /* ButtonTap.swift */; };
		6C9B95032847A4C2001977EA /* iOS_TestApp.swift in Sources */ = {isa = PBXBuildFile; fileRef = 6C9B94F32847A4BC001977EA /* iOS_TestApp.swift */; };
		6C9B95042847A4C2001977EA /* iOS_TestApp.swift in Sources */ = {isa = PBXBuildFile; fileRef = 6C9B94F32847A4BC001977EA /* iOS_TestApp.swift */; };
		6C9B95052847A4C2001977EA /* MainController.swift in Sources */ = {isa = PBXBuildFile; fileRef = 6C9B94F42847A4BC001977EA /* MainController.swift */; };
		6C9B95062847A4C2001977EA /* MainController.swift in Sources */ = {isa = PBXBuildFile; fileRef = 6C9B94F42847A4BC001977EA /* MainController.swift */; };
		6C9B95072847A4C2001977EA /* Assets.xcassets in Resources */ = {isa = PBXBuildFile; fileRef = 6C9B94F52847A4C2001977EA /* Assets.xcassets */; };
		6C9B95082847A4C2001977EA /* Assets.xcassets in Resources */ = {isa = PBXBuildFile; fileRef = 6C9B94F52847A4C2001977EA /* Assets.xcassets */; };
		6C9B95182847AEE1001977EA /* HomeView.swift in Sources */ = {isa = PBXBuildFile; fileRef = 6C9B95172847AEE1001977EA /* HomeView.swift */; };
		6C9B95192847AEE1001977EA /* HomeView.swift in Sources */ = {isa = PBXBuildFile; fileRef = 6C9B95172847AEE1001977EA /* HomeView.swift */; };
		6C9B951B2847AEF1001977EA /* CategoryView.swift in Sources */ = {isa = PBXBuildFile; fileRef = 6C9B951A2847AEF1001977EA /* CategoryView.swift */; };
		6C9B951C2847AEF1001977EA /* CategoryView.swift in Sources */ = {isa = PBXBuildFile; fileRef = 6C9B951A2847AEF1001977EA /* CategoryView.swift */; };
		6C9B951E2847AF2A001977EA /* SettingsView.swift in Sources */ = {isa = PBXBuildFile; fileRef = 6C9B951D2847AF2A001977EA /* SettingsView.swift */; };
		6C9B951F2847AF2A001977EA /* SettingsView.swift in Sources */ = {isa = PBXBuildFile; fileRef = 6C9B951D2847AF2A001977EA /* SettingsView.swift */; };
		6C9B95212847BD3E001977EA /* QuotesView.swift in Sources */ = {isa = PBXBuildFile; fileRef = 6C9B95202847BD3E001977EA /* QuotesView.swift */; };
		6C9B95222847BD3E001977EA /* QuotesView.swift in Sources */ = {isa = PBXBuildFile; fileRef = 6C9B95202847BD3E001977EA /* QuotesView.swift */; };
		6C9B95242847D104001977EA /* BottomCategoryView.swift in Sources */ = {isa = PBXBuildFile; fileRef = 6C9B95232847D104001977EA /* BottomCategoryView.swift */; };
		6C9B95252847D104001977EA /* BottomCategoryView.swift in Sources */ = {isa = PBXBuildFile; fileRef = 6C9B95232847D104001977EA /* BottomCategoryView.swift */; };
/* End PBXBuildFile section */

/* Begin PBXFileReference section */
		6C9595422848B8C40012D8A6 /* CategoryModel.swift */ = {isa = PBXFileReference; lastKnownFileType = sourcecode.swift; path = CategoryModel.swift; sourceTree = "<group>"; };
		6C9595442848B9280012D8A6 /* CategoryButton.swift */ = {isa = PBXFileReference; lastKnownFileType = sourcecode.swift; path = CategoryButton.swift; sourceTree = "<group>"; };
		6C9595462848B98B0012D8A6 /* Item.swift */ = {isa = PBXFileReference; lastKnownFileType = sourcecode.swift; path = Item.swift; sourceTree = "<group>"; };
		6C9595482848B9E90012D8A6 /* ButtonTap.swift */ = {isa = PBXFileReference; lastKnownFileType = sourcecode.swift; path = ButtonTap.swift; sourceTree = "<group>"; };
		6C9B94F32847A4BC001977EA /* iOS_TestApp.swift */ = {isa = PBXFileReference; lastKnownFileType = sourcecode.swift; path = iOS_TestApp.swift; sourceTree = "<group>"; };
		6C9B94F42847A4BC001977EA /* MainController.swift */ = {isa = PBXFileReference; lastKnownFileType = sourcecode.swift; path = MainController.swift; sourceTree = "<group>"; };
		6C9B94F52847A4C2001977EA /* Assets.xcassets */ = {isa = PBXFileReference; lastKnownFileType = folder.assetcatalog; path = Assets.xcassets; sourceTree = "<group>"; };
		6C9B94FA2847A4C2001977EA /* iOS Test.app */ = {isa = PBXFileReference; explicitFileType = wrapper.application; includeInIndex = 0; path = "iOS Test.app"; sourceTree = BUILT_PRODUCTS_DIR; };
		6C9B95002847A4C2001977EA /* iOS Test.app */ = {isa = PBXFileReference; explicitFileType = wrapper.application; includeInIndex = 0; path = "iOS Test.app"; sourceTree = BUILT_PRODUCTS_DIR; };
		6C9B95022847A4C2001977EA /* macOS.entitlements */ = {isa = PBXFileReference; lastKnownFileType = text.plist.entitlements; path = macOS.entitlements; sourceTree = "<group>"; };
		6C9B95172847AEE1001977EA /* HomeView.swift */ = {isa = PBXFileReference; lastKnownFileType = sourcecode.swift; path = HomeView.swift; sourceTree = "<group>"; };
		6C9B951A2847AEF1001977EA /* CategoryView.swift */ = {isa = PBXFileReference; lastKnownFileType = sourcecode.swift; path = CategoryView.swift; sourceTree = "<group>"; };
		6C9B951D2847AF2A001977EA /* SettingsView.swift */ = {isa = PBXFileReference; lastKnownFileType = sourcecode.swift; path = SettingsView.swift; sourceTree = "<group>"; };
		6C9B95202847BD3E001977EA /* QuotesView.swift */ = {isa = PBXFileReference; lastKnownFileType = sourcecode.swift; path = QuotesView.swift; sourceTree = "<group>"; };
		6C9B95232847D104001977EA /* BottomCategoryView.swift */ = {isa = PBXFileReference; lastKnownFileType = sourcecode.swift; path = BottomCategoryView.swift; sourceTree = "<group>"; };
/* End PBXFileReference section */

/* Begin PBXFrameworksBuildPhase section */
		6C9B94F72847A4C2001977EA /* Frameworks */ = {
			isa = PBXFrameworksBuildPhase;
			buildActionMask = 2147483647;
			files = (
			);
			runOnlyForDeploymentPostprocessing = 0;
		};
		6C9B94FD2847A4C2001977EA /* Frameworks */ = {
			isa = PBXFrameworksBuildPhase;
			buildActionMask = 2147483647;
			files = (
			);
			runOnlyForDeploymentPostprocessing = 0;
		};
/* End PBXFrameworksBuildPhase section */

/* Begin PBXGroup section */
		6C95953F2848B80F0012D8A6 /* View */ = {
			isa = PBXGroup;
			children = (
				6C9B951D2847AF2A001977EA /* SettingsView.swift */,
				6C9B95172847AEE1001977EA /* HomeView.swift */,
				6C9B95202847BD3E001977EA /* QuotesView.swift */,
				6C9B951A2847AEF1001977EA /* CategoryView.swift */,
				6C9B95232847D104001977EA /* BottomCategoryView.swift */,
				6C9595442848B9280012D8A6 /* CategoryButton.swift */,
			);
			path = View;
			sourceTree = "<group>";
		};
		6C9595402848B82D0012D8A6 /* Controller */ = {
			isa = PBXGroup;
			children = (
				6C9B94F42847A4BC001977EA /* MainController.swift */,
			);
			path = Controller;
			sourceTree = "<group>";
		};
		6C9595412848B8870012D8A6 /* Model */ = {
			isa = PBXGroup;
			children = (
				6C9595422848B8C40012D8A6 /* CategoryModel.swift */,
				6C9595462848B98B0012D8A6 /* Item.swift */,
				6C9595482848B9E90012D8A6 /* ButtonTap.swift */,
			);
			path = Model;
			sourceTree = "<group>";
		};
		6C9B94ED2847A4BB001977EA = {
			isa = PBXGroup;
			children = (
				6C9B94F22847A4BC001977EA /* Shared */,
				6C9B95012847A4C2001977EA /* macOS */,
				6C9B94FB2847A4C2001977EA /* Products */,
			);
			sourceTree = "<group>";
		};
		6C9B94F22847A4BC001977EA /* Shared */ = {
			isa = PBXGroup;
			children = (
				6C9B94F32847A4BC001977EA /* iOS_TestApp.swift */,
				6C9595412848B8870012D8A6 /* Model */,
				6C9595402848B82D0012D8A6 /* Controller */,
				6C95953F2848B80F0012D8A6 /* View */,
				6C9B94F52847A4C2001977EA /* Assets.xcassets */,
			);
			path = Shared;
			sourceTree = "<group>";
		};
		6C9B94FB2847A4C2001977EA /* Products */ = {
			isa = PBXGroup;
			children = (
				6C9B94FA2847A4C2001977EA /* iOS Test.app */,
				6C9B95002847A4C2001977EA /* iOS Test.app */,
			);
			name = Products;
			sourceTree = "<group>";
		};
		6C9B95012847A4C2001977EA /* macOS */ = {
			isa = PBXGroup;
			children = (
				6C9B95022847A4C2001977EA /* macOS.entitlements */,
			);
			path = macOS;
			sourceTree = "<group>";
		};
/* End PBXGroup section */

/* Begin PBXNativeTarget section */
		6C9B94F92847A4C2001977EA /* iOS Test (iOS) */ = {
			isa = PBXNativeTarget;
			buildConfigurationList = 6C9B950B2847A4C2001977EA /* Build configuration list for PBXNativeTarget "iOS Test (iOS)" */;
			buildPhases = (
				6C9B94F62847A4C2001977EA /* Sources */,
				6C9B94F72847A4C2001977EA /* Frameworks */,
				6C9B94F82847A4C2001977EA /* Resources */,
			);
			buildRules = (
			);
			dependencies = (
			);
			name = "iOS Test (iOS)";
			productName = "iOS Test (iOS)";
			productReference = 6C9B94FA2847A4C2001977EA /* iOS Test.app */;
			productType = "com.apple.product-type.application";
		};
		6C9B94FF2847A4C2001977EA /* iOS Test (macOS) */ = {
			isa = PBXNativeTarget;
			buildConfigurationList = 6C9B950E2847A4C2001977EA /* Build configuration list for PBXNativeTarget "iOS Test (macOS)" */;
			buildPhases = (
				6C9B94FC2847A4C2001977EA /* Sources */,
				6C9B94FD2847A4C2001977EA /* Frameworks */,
				6C9B94FE2847A4C2001977EA /* Resources */,
			);
			buildRules = (
			);
			dependencies = (
			);
			name = "iOS Test (macOS)";
			productName = "iOS Test (macOS)";
			productReference = 6C9B95002847A4C2001977EA /* iOS Test.app */;
			productType = "com.apple.product-type.application";
		};
/* End PBXNativeTarget section */

/* Begin PBXProject section */
		6C9B94EE2847A4BB001977EA /* Project object */ = {
			isa = PBXProject;
			attributes = {
				BuildIndependentTargetsInParallel = 1;
				LastSwiftUpdateCheck = 1330;
				LastUpgradeCheck = 1330;
				TargetAttributes = {
					6C9B94F92847A4C2001977EA = {
						CreatedOnToolsVersion = 13.3.1;
					};
					6C9B94FF2847A4C2001977EA = {
						CreatedOnToolsVersion = 13.3.1;
					};
				};
			};
			buildConfigurationList = 6C9B94F12847A4BB001977EA /* Build configuration list for PBXProject "iOS Test" */;
			compatibilityVersion = "Xcode 13.0";
			developmentRegion = en;
			hasScannedForEncodings = 0;
			knownRegions = (
				en,
				Base,
			);
			mainGroup = 6C9B94ED2847A4BB001977EA;
			productRefGroup = 6C9B94FB2847A4C2001977EA /* Products */;
			projectDirPath = "";
			projectRoot = "";
			targets = (
				6C9B94F92847A4C2001977EA /* iOS Test (iOS) */,
				6C9B94FF2847A4C2001977EA /* iOS Test (macOS) */,
			);
		};
/* End PBXProject section */

/* Begin PBXResourcesBuildPhase section */
		6C9B94F82847A4C2001977EA /* Resources */ = {
			isa = PBXResourcesBuildPhase;
			buildActionMask = 2147483647;
			files = (
				6C9B95072847A4C2001977EA /* Assets.xcassets in Resources */,
			);
			runOnlyForDeploymentPostprocessing = 0;
		};
		6C9B94FE2847A4C2001977EA /* Resources */ = {
			isa = PBXResourcesBuildPhase;
			buildActionMask = 2147483647;
			files = (
				6C9B95082847A4C2001977EA /* Assets.xcassets in Resources */,
			);
			runOnlyForDeploymentPostprocessing = 0;
		};
/* End PBXResourcesBuildPhase section */

/* Begin PBXSourcesBuildPhase section */
		6C9B94F62847A4C2001977EA /* Sources */ = {
			isa = PBXSourcesBuildPhase;
			buildActionMask = 2147483647;
			files = (
				6C9595472848B98B0012D8A6 /* Item.swift in Sources */,
				6C9595452848B9280012D8A6 /* CategoryButton.swift in Sources */,
				6C9B951E2847AF2A001977EA /* SettingsView.swift in Sources */,
				6C9B95182847AEE1001977EA /* HomeView.swift in Sources */,
				6C9B95242847D104001977EA /* BottomCategoryView.swift in Sources */,
				6C9595492848B9E90012D8A6 /* ButtonTap.swift in Sources */,
				6C9B95052847A4C2001977EA /* MainController.swift in Sources */,
				6C9B951B2847AEF1001977EA /* CategoryView.swift in Sources */,
				6C9595432848B8C40012D8A6 /* CategoryModel.swift in Sources */,
				6C9B95032847A4C2001977EA /* iOS_TestApp.swift in Sources */,
				6C9B95212847BD3E001977EA /* QuotesView.swift in Sources */,
			);
			runOnlyForDeploymentPostprocessing = 0;
		};
		6C9B94FC2847A4C2001977EA /* Sources */ = {
			isa = PBXSourcesBuildPhase;
			buildActionMask = 2147483647;
			files = (
				6C9B951F2847AF2A001977EA /* SettingsView.swift in Sources */,
				6C9B95192847AEE1001977EA /* HomeView.swift in Sources */,
				6C9B95252847D104001977EA /* BottomCategoryView.swift in Sources */,
				6C9B95062847A4C2001977EA /* MainController.swift in Sources */,
				6C9B951C2847AEF1001977EA /* CategoryView.swift in Sources */,
				6C9B95042847A4C2001977EA /* iOS_TestApp.swift in Sources */,
				6C9B95222847BD3E001977EA /* QuotesView.swift in Sources */,
			);
			runOnlyForDeploymentPostprocessing = 0;
		};
/* End PBXSourcesBuildPhase section */

/* Begin XCBuildConfiguration section */
		6C9B95092847A4C2001977EA /* Debug */ = {
			isa = XCBuildConfiguration;
			buildSettings = {
				ALWAYS_SEARCH_USER_PATHS = NO;
				CLANG_ANALYZER_NONNULL = YES;
				CLANG_ANALYZER_NUMBER_OBJECT_CONVERSION = YES_AGGRESSIVE;
				CLANG_CXX_LANGUAGE_STANDARD = "gnu++17";
				CLANG_ENABLE_MODULES = YES;
				CLANG_ENABLE_OBJC_ARC = YES;
				CLANG_ENABLE_OBJC_WEAK = YES;
				CLANG_WARN_BLOCK_CAPTURE_AUTORELEASING = YES;
				CLANG_WARN_BOOL_CONVERSION = YES;
				CLANG_WARN_COMMA = YES;
				CLANG_WARN_CONSTANT_CONVERSION = YES;
				CLANG_WARN_DEPRECATED_OBJC_IMPLEMENTATIONS = YES;
				CLANG_WARN_DIRECT_OBJC_ISA_USAGE = YES_ERROR;
				CLANG_WARN_DOCUMENTATION_COMMENTS = YES;
				CLANG_WARN_EMPTY_BODY = YES;
				CLANG_WARN_ENUM_CONVERSION = YES;
				CLANG_WARN_INFINITE_RECURSION = YES;
				CLANG_WARN_INT_CONVERSION = YES;
				CLANG_WARN_NON_LITERAL_NULL_CONVERSION = YES;
				CLANG_WARN_OBJC_IMPLICIT_RETAIN_SELF = YES;
				CLANG_WARN_OBJC_LITERAL_CONVERSION = YES;
				CLANG_WARN_OBJC_ROOT_CLASS = YES_ERROR;
				CLANG_WARN_QUOTED_INCLUDE_IN_FRAMEWORK_HEADER = YES;
				CLANG_WARN_RANGE_LOOP_ANALYSIS = YES;
				CLANG_WARN_STRICT_PROTOTYPES = YES;
				CLANG_WARN_SUSPICIOUS_MOVE = YES;
				CLANG_WARN_UNGUARDED_AVAILABILITY = YES_AGGRESSIVE;
				CLANG_WARN_UNREACHABLE_CODE = YES;
				CLANG_WARN__DUPLICATE_METHOD_MATCH = YES;
				COPY_PHASE_STRIP = NO;
				DEBUG_INFORMATION_FORMAT = dwarf;
				ENABLE_STRICT_OBJC_MSGSEND = YES;
				ENABLE_TESTABILITY = YES;
				GCC_C_LANGUAGE_STANDARD = gnu11;
				GCC_DYNAMIC_NO_PIC = NO;
				GCC_NO_COMMON_BLOCKS = YES;
				GCC_OPTIMIZATION_LEVEL = 0;
				GCC_PREPROCESSOR_DEFINITIONS = (
					"DEBUG=1",
					"$(inherited)",
				);
				GCC_WARN_64_TO_32_BIT_CONVERSION = YES;
				GCC_WARN_ABOUT_RETURN_TYPE = YES_ERROR;
				GCC_WARN_UNDECLARED_SELECTOR = YES;
				GCC_WARN_UNINITIALIZED_AUTOS = YES_AGGRESSIVE;
				GCC_WARN_UNUSED_FUNCTION = YES;
				GCC_WARN_UNUSED_VARIABLE = YES;
				MTL_ENABLE_DEBUG_INFO = INCLUDE_SOURCE;
				MTL_FAST_MATH = YES;
				ONLY_ACTIVE_ARCH = YES;
				SWIFT_ACTIVE_COMPILATION_CONDITIONS = DEBUG;
				SWIFT_OPTIMIZATION_LEVEL = "-Onone";
			};
			name = Debug;
		};
		6C9B950A2847A4C2001977EA /* Release */ = {
			isa = XCBuildConfiguration;
			buildSettings = {
				ALWAYS_SEARCH_USER_PATHS = NO;
				CLANG_ANALYZER_NONNULL = YES;
				CLANG_ANALYZER_NUMBER_OBJECT_CONVERSION = YES_AGGRESSIVE;
				CLANG_CXX_LANGUAGE_STANDARD = "gnu++17";
				CLANG_ENABLE_MODULES = YES;
				CLANG_ENABLE_OBJC_ARC = YES;
				CLANG_ENABLE_OBJC_WEAK = YES;
				CLANG_WARN_BLOCK_CAPTURE_AUTORELEASING = YES;
				CLANG_WARN_BOOL_CONVERSION = YES;
				CLANG_WARN_COMMA = YES;
				CLANG_WARN_CONSTANT_CONVERSION = YES;
				CLANG_WARN_DEPRECATED_OBJC_IMPLEMENTATIONS = YES;
				CLANG_WARN_DIRECT_OBJC_ISA_USAGE = YES_ERROR;
				CLANG_WARN_DOCUMENTATION_COMMENTS = YES;
				CLANG_WARN_EMPTY_BODY = YES;
				CLANG_WARN_ENUM_CONVERSION = YES;
				CLANG_WARN_INFINITE_RECURSION = YES;
				CLANG_WARN_INT_CONVERSION = YES;
				CLANG_WARN_NON_LITERAL_NULL_CONVERSION = YES;
				CLANG_WARN_OBJC_IMPLICIT_RETAIN_SELF = YES;
				CLANG_WARN_OBJC_LITERAL_CONVERSION = YES;
				CLANG_WARN_OBJC_ROOT_CLASS = YES_ERROR;
				CLANG_WARN_QUOTED_INCLUDE_IN_FRAMEWORK_HEADER = YES;
				CLANG_WARN_RANGE_LOOP_ANALYSIS = YES;
				CLANG_WARN_STRICT_PROTOTYPES = YES;
				CLANG_WARN_SUSPICIOUS_MOVE = YES;
				CLANG_WARN_UNGUARDED_AVAILABILITY = YES_AGGRESSIVE;
				CLANG_WARN_UNREACHABLE_CODE = YES;
				CLANG_WARN__DUPLICATE_METHOD_MATCH = YES;
				COPY_PHASE_STRIP = NO;
				DEBUG_INFORMATION_FORMAT = "dwarf-with-dsym";
				ENABLE_NS_ASSERTIONS = NO;
				ENABLE_STRICT_OBJC_MSGSEND = YES;
				GCC_C_LANGUAGE_STANDARD = gnu11;
				GCC_NO_COMMON_BLOCKS = YES;
				GCC_WARN_64_TO_32_BIT_CONVERSION = YES;
				GCC_WARN_ABOUT_RETURN_TYPE = YES_ERROR;
				GCC_WARN_UNDECLARED_SELECTOR = YES;
				GCC_WARN_UNINITIALIZED_AUTOS = YES_AGGRESSIVE;
				GCC_WARN_UNUSED_FUNCTION = YES;
				GCC_WARN_UNUSED_VARIABLE = YES;
				MTL_ENABLE_DEBUG_INFO = NO;
				MTL_FAST_MATH = YES;
				SWIFT_COMPILATION_MODE = wholemodule;
				SWIFT_OPTIMIZATION_LEVEL = "-O";
			};
			name = Release;
		};
		6C9B950C2847A4C2001977EA /* Debug */ = {
			isa = XCBuildConfiguration;
			buildSettings = {
				ASSETCATALOG_COMPILER_APPICON_NAME = AppIcon;
				ASSETCATALOG_COMPILER_GLOBAL_ACCENT_COLOR_NAME = AccentColor;
				CODE_SIGN_STYLE = Automatic;
				CURRENT_PROJECT_VERSION = 1;
				DEVELOPMENT_TEAM = 8PDNVZYZHH;
				ENABLE_PREVIEWS = YES;
				GENERATE_INFOPLIST_FILE = YES;
				INFOPLIST_KEY_UIApplicationSceneManifest_Generation = YES;
				INFOPLIST_KEY_UIApplicationSupportsIndirectInputEvents = YES;
				INFOPLIST_KEY_UILaunchScreen_Generation = YES;
				INFOPLIST_KEY_UISupportedInterfaceOrientations_iPad = "UIInterfaceOrientationPortrait UIInterfaceOrientationPortraitUpsideDown UIInterfaceOrientationLandscapeLeft UIInterfaceOrientationLandscapeRight";
				INFOPLIST_KEY_UISupportedInterfaceOrientations_iPhone = "UIInterfaceOrientationPortrait UIInterfaceOrientationLandscapeLeft UIInterfaceOrientationLandscapeRight";
				IPHONEOS_DEPLOYMENT_TARGET = 15.4;
				LD_RUNPATH_SEARCH_PATHS = (
					"$(inherited)",
					"@executable_path/Frameworks",
				);
				MARKETING_VERSION = 1.0;
				PRODUCT_BUNDLE_IDENTIFIER = "com.berupu.iOS-Test";
				PRODUCT_NAME = "iOS Test";
				SDKROOT = iphoneos;
				SWIFT_EMIT_LOC_STRINGS = YES;
				SWIFT_VERSION = 5.0;
				TARGETED_DEVICE_FAMILY = "1,2";
			};
			name = Debug;
		};
		6C9B950D2847A4C2001977EA /* Release */ = {
			isa = XCBuildConfiguration;
			buildSettings = {
				ASSETCATALOG_COMPILER_APPICON_NAME = AppIcon;
				ASSETCATALOG_COMPILER_GLOBAL_ACCENT_COLOR_NAME = AccentColor;
				CODE_SIGN_STYLE = Automatic;
				CURRENT_PROJECT_VERSION = 1;
				DEVELOPMENT_TEAM = 8PDNVZYZHH;
				ENABLE_PREVIEWS = YES;
				GENERATE_INFOPLIST_FILE = YES;
				INFOPLIST_KEY_UIApplicationSceneManifest_Generation = YES;
				INFOPLIST_KEY_UIApplicationSupportsIndirectInputEvents = YES;
				INFOPLIST_KEY_UILaunchScreen_Generation = YES;
				INFOPLIST_KEY_UISupportedInterfaceOrientations_iPad = "UIInterfaceOrientationPortrait UIInterfaceOrientationPortraitUpsideDown UIInterfaceOrientationLandscapeLeft UIInterfaceOrientationLandscapeRight";
				INFOPLIST_KEY_UISupportedInterfaceOrientations_iPhone = "UIInterfaceOrientationPortrait UIInterfaceOrientationLandscapeLeft UIInterfaceOrientationLandscapeRight";
				IPHONEOS_DEPLOYMENT_TARGET = 15.4;
				LD_RUNPATH_SEARCH_PATHS = (
					"$(inherited)",
					"@executable_path/Frameworks",
				);
				MARKETING_VERSION = 1.0;
				PRODUCT_BUNDLE_IDENTIFIER = "com.berupu.iOS-Test";
				PRODUCT_NAME = "iOS Test";
				SDKROOT = iphoneos;
				SWIFT_EMIT_LOC_STRINGS = YES;
				SWIFT_VERSION = 5.0;
				TARGETED_DEVICE_FAMILY = "1,2";
				VALIDATE_PRODUCT = YES;
			};
			name = Release;
		};
		6C9B950F2847A4C2001977EA /* Debug */ = {
			isa = XCBuildConfiguration;
			buildSettings = {
				ASSETCATALOG_COMPILER_APPICON_NAME = AppIcon;
				ASSETCATALOG_COMPILER_GLOBAL_ACCENT_COLOR_NAME = AccentColor;
				CODE_SIGN_ENTITLEMENTS = macOS/macOS.entitlements;
				CODE_SIGN_STYLE = Automatic;
				COMBINE_HIDPI_IMAGES = YES;
				CURRENT_PROJECT_VERSION = 1;
				DEVELOPMENT_TEAM = 8PDNVZYZHH;
				ENABLE_HARDENED_RUNTIME = YES;
				ENABLE_PREVIEWS = YES;
				GENERATE_INFOPLIST_FILE = YES;
				INFOPLIST_KEY_NSHumanReadableCopyright = "";
				LD_RUNPATH_SEARCH_PATHS = (
					"$(inherited)",
					"@executable_path/../Frameworks",
				);
				MACOSX_DEPLOYMENT_TARGET = 12.3;
				MARKETING_VERSION = 1.0;
				PRODUCT_BUNDLE_IDENTIFIER = "com.berupu.iOS-Test";
				PRODUCT_NAME = "iOS Test";
				SDKROOT = macosx;
				SWIFT_EMIT_LOC_STRINGS = YES;
				SWIFT_VERSION = 5.0;
			};
			name = Debug;
		};
		6C9B95102847A4C2001977EA /* Release */ = {
			isa = XCBuildConfiguration;
			buildSettings = {
				ASSETCATALOG_COMPILER_APPICON_NAME = AppIcon;
				ASSETCATALOG_COMPILER_GLOBAL_ACCENT_COLOR_NAME = AccentColor;
				CODE_SIGN_ENTITLEMENTS = macOS/macOS.entitlements;
				CODE_SIGN_STYLE = Automatic;
				COMBINE_HIDPI_IMAGES = YES;
				CURRENT_PROJECT_VERSION = 1;
				DEVELOPMENT_TEAM = 8PDNVZYZHH;
				ENABLE_HARDENED_RUNTIME = YES;
				ENABLE_PREVIEWS = YES;
				GENERATE_INFOPLIST_FILE = YES;
				INFOPLIST_KEY_NSHumanReadableCopyright = "";
				LD_RUNPATH_SEARCH_PATHS = (
					"$(inherited)",
					"@executable_path/../Frameworks",
				);
				MACOSX_DEPLOYMENT_TARGET = 12.3;
				MARKETING_VERSION = 1.0;
				PRODUCT_BUNDLE_IDENTIFIER = "com.berupu.iOS-Test";
				PRODUCT_NAME = "iOS Test";
				SDKROOT = macosx;
				SWIFT_EMIT_LOC_STRINGS = YES;
				SWIFT_VERSION = 5.0;
			};
			name = Release;
		};
/* End XCBuildConfiguration section */

/* Begin XCConfigurationList section */
		6C9B94F12847A4BB001977EA /* Build configuration list for PBXProject "iOS Test" */ = {
			isa = XCConfigurationList;
			buildConfigurations = (
				6C9B95092847A4C2001977EA /* Debug */,
				6C9B950A2847A4C2001977EA /* Release */,
			);
			defaultConfigurationIsVisible = 0;
			defaultConfigurationName = Release;
		};
		6C9B950B2847A4C2001977EA /* Build configuration list for PBXNativeTarget "iOS Test (iOS)" */ = {
			isa = XCConfigurationList;
			buildConfigurations = (
				6C9B950C2847A4C2001977EA /* Debug */,
				6C9B950D2847A4C2001977EA /* Release */,
			);
			defaultConfigurationIsVisible = 0;
			defaultConfigurationName = Release;
		};
		6C9B950E2847A4C2001977EA /* Build configuration list for PBXNativeTarget "iOS Test (macOS)" */ = {
			isa = XCConfigurationList;
			buildConfigurations = (
				6C9B950F2847A4C2001977EA /* Debug */,
				6C9B95102847A4C2001977EA /* Release */,
			);
			defaultConfigurationIsVisible = 0;
			defaultConfigurationName = Release;
		};
/* End XCConfigurationList section */
	};
	rootObject = 6C9B94EE2847A4BB001977EA /* Project object */;
}
